
Microsoft Visual Studio Solution File, Format Version 12.00
# Visual Studio Version 17
VisualStudioVersion = 17.0.31912.275
MinimumVisualStudioVersion = 10.0.40219.1
Project("{FAE04EC0-301F-11D3-BF4B-00C04F79EFBC}") = "calculator Homework", "calculator Homework\calculator Homework.csproj", "{28A5B471-D6A0-4D78-A3CD-B4A3A341F664}"
EndProject
Global
	GlobalSection(SolutionConfigurationPlatforms) = preSolution
		Debug|Any CPU = Debug|Any CPU
		Release|Any CPU = Release|Any CPU
	EndGlobalSection
	GlobalSection(ProjectConfigurationPlatforms) = postSolution
		{28A5B471-D6A0-4D78-A3CD-B4A3A341F664}.Debug|Any CPU.ActiveCfg = Debug|Any CPU
		{28A5B471-D6A0-4D78-A3CD-B4A3A341F664}.Debug|Any CPU.Build.0 = Debug|Any CPU
		{28A5B471-D6A0-4D78-A3CD-B4A3A341F664}.Release|Any CPU.ActiveCfg = Release|Any CPU
		{28A5B471-D6A0-4D78-A3CD-B4A3A341F664}.Release|Any CPU.Build.0 = Release|Any CPU
	EndGlobalSection
	GlobalSection(SolutionProperties) = preSolution
		HideSolutionNode = FALSE
	EndGlobalSection
	GlobalSection(ExtensibilityGlobals) = postSolution
		SolutionGuid = {67DEB93B-992B-43CA-A299-06B770BEE095}
	EndGlobalSection
EndGlobal
